
Microsoft Visual Studio Solution File, Format Version 12.00
# Visual Studio Version 16
VisualStudioVersion = 16.0.29102.190
MinimumVisualStudioVersion = 10.0.40219.1
Project("{9A19103F-16F7-4668-BE54-9A1E7A4F7556}") = "LetsBeRationalLib", "LetsBeRationalLib\LetsBeRationalLib.csproj", "{A997473F-FFDB-4EFB-A577-4CFC3BFA3E95}"
EndProject
Project("{9A19103F-16F7-4668-BE54-9A1E7A4F7556}") = "TestLetsBeRationalLib", "TestLetsBeRationalLib\TestLetsBeRationalLib.csproj", "{6029E2A6-6106-4BF8-8FF4-4A0AD6D8AEB5}"
EndProject
Global
	GlobalSection(SolutionConfigurationPlatforms) = preSolution
		Debug|Any CPU = Debug|Any CPU
		Release|Any CPU = Release|Any CPU
	EndGlobalSection
	GlobalSection(ProjectConfigurationPlatforms) = postSolution
		{A997473F-FFDB-4EFB-A577-4CFC3BFA3E95}.Debug|Any CPU.ActiveCfg = Debug|Any CPU
		{A997473F-FFDB-4EFB-A577-4CFC3BFA3E95}.Debug|Any CPU.Build.0 = Debug|Any CPU
		{A997473F-FFDB-4EFB-A577-4CFC3BFA3E95}.Release|Any CPU.ActiveCfg = Release|Any CPU
		{A997473F-FFDB-4EFB-A577-4CFC3BFA3E95}.Release|Any CPU.Build.0 = Release|Any CPU
		{6029E2A6-6106-4BF8-8FF4-4A0AD6D8AEB5}.Debug|Any CPU.ActiveCfg = Debug|Any CPU
		{6029E2A6-6106-4BF8-8FF4-4A0AD6D8AEB5}.Debug|Any CPU.Build.0 = Debug|Any CPU
		{6029E2A6-6106-4BF8-8FF4-4A0AD6D8AEB5}.Release|Any CPU.ActiveCfg = Release|Any CPU
		{6029E2A6-6106-4BF8-8FF4-4A0AD6D8AEB5}.Release|Any CPU.Build.0 = Release|Any CPU
	EndGlobalSection
	GlobalSection(SolutionProperties) = preSolution
		HideSolutionNode = FALSE
	EndGlobalSection
	GlobalSection(ExtensibilityGlobals) = postSolution
		SolutionGuid = {9C6AFBDA-CE67-4D2B-A887-03C294FB9FFA}
	EndGlobalSection
EndGlobal
