
Microsoft Visual Studio Solution File, Format Version 12.00
# Visual Studio Version 17
VisualStudioVersion = 17.1.31903.286
MinimumVisualStudioVersion = 10.0.40219.1
Project("{9A19103F-16F7-4668-BE54-9A1E7A4F7556}") = "LetsBeRationalLib", "LetsBeRationalLib\LetsBeRationalLib.csproj", "{8D41796C-3EBB-4395-93C9-86D804BF54D5}"
EndProject
Project("{9A19103F-16F7-4668-BE54-9A1E7A4F7556}") = "TestLetsBeRationalLib", "TestLetsBeRationalLib\TestLetsBeRationalLib.csproj", "{5A884C59-701F-4374-8D47-087932B32AB7}"
EndProject
Global
	GlobalSection(SolutionConfigurationPlatforms) = preSolution
		Debug|Any CPU = Debug|Any CPU
		Debug|x64 = Debug|x64
		Release|Any CPU = Release|Any CPU
		Release|x64 = Release|x64
	EndGlobalSection
	GlobalSection(ProjectConfigurationPlatforms) = postSolution
		{8D41796C-3EBB-4395-93C9-86D804BF54D5}.Debug|Any CPU.ActiveCfg = Debug|Any CPU
		{8D41796C-3EBB-4395-93C9-86D804BF54D5}.Debug|Any CPU.Build.0 = Debug|Any CPU
		{8D41796C-3EBB-4395-93C9-86D804BF54D5}.Debug|x64.ActiveCfg = Debug|x64
		{8D41796C-3EBB-4395-93C9-86D804BF54D5}.Debug|x64.Build.0 = Debug|x64
		{8D41796C-3EBB-4395-93C9-86D804BF54D5}.Release|Any CPU.ActiveCfg = Release|Any CPU
		{8D41796C-3EBB-4395-93C9-86D804BF54D5}.Release|Any CPU.Build.0 = Release|Any CPU
		{8D41796C-3EBB-4395-93C9-86D804BF54D5}.Release|x64.ActiveCfg = Release|x64
		{8D41796C-3EBB-4395-93C9-86D804BF54D5}.Release|x64.Build.0 = Release|x64
		{5A884C59-701F-4374-8D47-087932B32AB7}.Debug|Any CPU.ActiveCfg = Debug|Any CPU
		{5A884C59-701F-4374-8D47-087932B32AB7}.Debug|Any CPU.Build.0 = Debug|Any CPU
		{5A884C59-701F-4374-8D47-087932B32AB7}.Debug|x64.ActiveCfg = Debug|Any CPU
		{5A884C59-701F-4374-8D47-087932B32AB7}.Debug|x64.Build.0 = Debug|Any CPU
		{5A884C59-701F-4374-8D47-087932B32AB7}.Release|Any CPU.ActiveCfg = Release|Any CPU
		{5A884C59-701F-4374-8D47-087932B32AB7}.Release|Any CPU.Build.0 = Release|Any CPU
		{5A884C59-701F-4374-8D47-087932B32AB7}.Release|x64.ActiveCfg = Release|Any CPU
		{5A884C59-701F-4374-8D47-087932B32AB7}.Release|x64.Build.0 = Release|Any CPU
	EndGlobalSection
	GlobalSection(SolutionProperties) = preSolution
		HideSolutionNode = FALSE
	EndGlobalSection
	GlobalSection(ExtensibilityGlobals) = postSolution
		SolutionGuid = {2706F921-927E-488E-80DC-0D1D6281DD13}
	EndGlobalSection
EndGlobal
